
Microsoft Visual Studio Solution File, Format Version 12.00
# Visual Studio Version 17
VisualStudioVersion = 17.3.32922.545
MinimumVisualStudioVersion = 10.0.40219.1
Project("{8BC9CEB8-8B4A-11D0-8D11-00A0C91BC942}") = "Lab5_LesterFlores_1214119url", "Lab5_LesterFlores_1214119url\Lab5_LesterFlores_1214119url.vcxproj", "{49D0B646-2B0A-40F3-86C8-CD0921570D51}"
EndProject
Global
	GlobalSection(SolutionConfigurationPlatforms) = preSolution
		Debug|x64 = Debug|x64
		Debug|x86 = Debug|x86
		Release|x64 = Release|x64
		Release|x86 = Release|x86
	EndGlobalSection
	GlobalSection(ProjectConfigurationPlatforms) = postSolution
		{49D0B646-2B0A-40F3-86C8-CD0921570D51}.Debug|x64.ActiveCfg = Debug|x64
		{49D0B646-2B0A-40F3-86C8-CD0921570D51}.Debug|x64.Build.0 = Debug|x64
		{49D0B646-2B0A-40F3-86C8-CD0921570D51}.Debug|x86.ActiveCfg = Debug|Win32
		{49D0B646-2B0A-40F3-86C8-CD0921570D51}.Debug|x86.Build.0 = Debug|Win32
		{49D0B646-2B0A-40F3-86C8-CD0921570D51}.Release|x64.ActiveCfg = Release|x64
		{49D0B646-2B0A-40F3-86C8-CD0921570D51}.Release|x64.Build.0 = Release|x64
		{49D0B646-2B0A-40F3-86C8-CD0921570D51}.Release|x86.ActiveCfg = Release|Win32
		{49D0B646-2B0A-40F3-86C8-CD0921570D51}.Release|x86.Build.0 = Release|Win32
	EndGlobalSection
	GlobalSection(SolutionProperties) = preSolution
		HideSolutionNode = FALSE
	EndGlobalSection
	GlobalSection(ExtensibilityGlobals) = postSolution
		SolutionGuid = {677CBDDE-344D-45BC-A8C3-57756DB678A0}
	EndGlobalSection
EndGlobal
